// !$*UTF8*$!
{
	archiveVersion = 1;
	classes = {
	};
	objectVersion = 50;
	objects = {

/* Begin PBXBuildFile section */
		84D7654924CE8F07007D3FA6 /* AppDelegate.swift in Sources */ = {isa = PBXBuildFile; fileRef = 84D7654824CE8F07007D3FA6 /* AppDelegate.swift */; };
		84D7654B24CE8F07007D3FA6 /* SceneDelegate.swift in Sources */ = {isa = PBXBuildFile; fileRef = 84D7654A24CE8F07007D3FA6 /* SceneDelegate.swift */; };
		84D7654D24CE8F07007D3FA6 /* ViewController.swift in Sources */ = {isa = PBXBuildFile; fileRef = 84D7654C24CE8F07007D3FA6 /* ViewController.swift */; };
		84D7655024CE8F07007D3FA6 /* Main.storyboard in Resources */ = {isa = PBXBuildFile; fileRef = 84D7654E24CE8F07007D3FA6 /* Main.storyboard */; };
		84D7655224CE8F08007D3FA6 /* Assets.xcassets in Resources */ = {isa = PBXBuildFile; fileRef = 84D7655124CE8F08007D3FA6 /* Assets.xcassets */; };
		84D7655524CE8F08007D3FA6 /* LaunchScreen.storyboard in Resources */ = {isa = PBXBuildFile; fileRef = 84D7655324CE8F08007D3FA6 /* LaunchScreen.storyboard */; };
		84D7656024CE8F08007D3FA6 /* tipperTests.swift in Sources */ = {isa = PBXBuildFile; fileRef = 84D7655F24CE8F08007D3FA6 /* tipperTests.swift */; };
		84D7656B24CE8F08007D3FA6 /* tipperUITests.swift in Sources */ = {isa = PBXBuildFile; fileRef = 84D7656A24CE8F08007D3FA6 /* tipperUITests.swift */; };
/* End PBXBuildFile section */

/* Begin PBXContainerItemProxy section */
		84D7655C24CE8F08007D3FA6 /* PBXContainerItemProxy */ = {
			isa = PBXContainerItemProxy;
			containerPortal = 84D7653D24CE8F07007D3FA6 /* Project object */;
			proxyType = 1;
			remoteGlobalIDString = 84D7654424CE8F07007D3FA6;
			remoteInfo = tipper;
		};
		84D7656724CE8F08007D3FA6 /* PBXContainerItemProxy */ = {
			isa = PBXContainerItemProxy;
			containerPortal = 84D7653D24CE8F07007D3FA6 /* Project object */;
			proxyType = 1;
			remoteGlobalIDString = 84D7654424CE8F07007D3FA6;
			remoteInfo = tipper;
		};
/* End PBXContainerItemProxy section */

/* Begin PBXFileReference section */
		84D7654524CE8F07007D3FA6 /* tipper.app */ = {isa = PBXFileReference; explicitFileType = wrapper.application; includeInIndex = 0; path = tipper.app; sourceTree = BUILT_PRODUCTS_DIR; };
		84D7654824CE8F07007D3FA6 /* AppDelegate.swift */ = {isa = PBXFileReference; lastKnownFileType = sourcecode.swift; path = AppDelegate.swift; sourceTree = "<group>"; };
		84D7654A24CE8F07007D3FA6 /* SceneDelegate.swift */ = {isa = PBXFileReference; lastKnownFileType = sourcecode.swift; path = SceneDelegate.swift; sourceTree = "<group>"; };
		84D7654C24CE8F07007D3FA6 /* ViewController.swift */ = {isa = PBXFileReference; lastKnownFileType = sourcecode.swift; path = ViewController.swift; sourceTree = "<group>"; };
		84D7654F24CE8F07007D3FA6 /* Base */ = {isa = PBXFileReference; lastKnownFileType = file.storyboard; name = Base; path = Base.lproj/Main.storyboard; sourceTree = "<group>"; };
		84D7655124CE8F08007D3FA6 /* Assets.xcassets */ = {isa = PBXFileReference; lastKnownFileType = folder.assetcatalog; path = Assets.xcassets; sourceTree = "<group>"; };
		84D7655424CE8F08007D3FA6 /* Base */ = {isa = PBXFileReference; lastKnownFileType = file.storyboard; name = Base; path = Base.lproj/LaunchScreen.storyboard; sourceTree = "<group>"; };
		84D7655624CE8F08007D3FA6 /* Info.plist */ = {isa = PBXFileReference; lastKnownFileType = text.plist.xml; path = Info.plist; sourceTree = "<group>"; };
		84D7655B24CE8F08007D3FA6 /* tipperTests.xctest */ = {isa = PBXFileReference; explicitFileType = wrapper.cfbundle; includeInIndex = 0; path = tipperTests.xctest; sourceTree = BUILT_PRODUCTS_DIR; };
		84D7655F24CE8F08007D3FA6 /* tipperTests.swift */ = {isa = PBXFileReference; lastKnownFileType = sourcecode.swift; path = tipperTests.swift; sourceTree = "<group>"; };
		84D7656124CE8F08007D3FA6 /* Info.plist */ = {isa = PBXFileReference; lastKnownFileType = text.plist.xml; path = Info.plist; sourceTree = "<group>"; };
		84D7656624CE8F08007D3FA6 /* tipperUITests.xctest */ = {isa = PBXFileReference; explicitFileType = wrapper.cfbundle; includeInIndex = 0; path = tipperUITests.xctest; sourceTree = BUILT_PRODUCTS_DIR; };
		84D7656A24CE8F08007D3FA6 /* tipperUITests.swift */ = {isa = PBXFileReference; lastKnownFileType = sourcecode.swift; path = tipperUITests.swift; sourceTree = "<group>"; };
		84D7656C24CE8F08007D3FA6 /* Info.plist */ = {isa = PBXFileReference; lastKnownFileType = text.plist.xml; path = Info.plist; sourceTree = "<group>"; };
/* End PBXFileReference section */

/* Begin PBXFrameworksBuildPhase section */
		84D7654224CE8F07007D3FA6 /* Frameworks */ = {
			isa = PBXFrameworksBuildPhase;
			buildActionMask = 2147483647;
			files = (
			);
			runOnlyForDeploymentPostprocessing = 0;
		};
		84D7655824CE8F08007D3FA6 /* Frameworks */ = {
			isa = PBXFrameworksBuildPhase;
			buildActionMask = 2147483647;
			files = (
			);
			runOnlyForDeploymentPostprocessing = 0;
		};
		84D7656324CE8F08007D3FA6 /* Frameworks */ = {
			isa = PBXFrameworksBuildPhase;
			buildActionMask = 2147483647;
			files = (
			);
			runOnlyForDeploymentPostprocessing = 0;
		};
/* End PBXFrameworksBuildPhase section */

/* Begin PBXGroup section */
		84D7653C24CE8F07007D3FA6 = {
			isa = PBXGroup;
			children = (
				84D7654724CE8F07007D3FA6 /* tipper */,
				84D7655E24CE8F08007D3FA6 /* tipperTests */,
				84D7656924CE8F08007D3FA6 /* tipperUITests */,
				84D7654624CE8F07007D3FA6 /* Products */,
			);
			sourceTree = "<group>";
		};
		84D7654624CE8F07007D3FA6 /* Products */ = {
			isa = PBXGroup;
			children = (
				84D7654524CE8F07007D3FA6 /* tipper.app */,
				84D7655B24CE8F08007D3FA6 /* tipperTests.xctest */,
				84D7656624CE8F08007D3FA6 /* tipperUITests.xctest */,
			);
			name = Products;
			sourceTree = "<group>";
		};
		84D7654724CE8F07007D3FA6 /* tipper */ = {
			isa = PBXGroup;
			children = (
				84D7654824CE8F07007D3FA6 /* AppDelegate.swift */,
				84D7654A24CE8F07007D3FA6 /* SceneDelegate.swift */,
				84D7654C24CE8F07007D3FA6 /* ViewController.swift */,
				84D7654E24CE8F07007D3FA6 /* Main.storyboard */,
				84D7655124CE8F08007D3FA6 /* Assets.xcassets */,
				84D7655324CE8F08007D3FA6 /* LaunchScreen.storyboard */,
				84D7655624CE8F08007D3FA6 /* Info.plist */,
			);
			path = tipper;
			sourceTree = "<group>";
		};
		84D7655E24CE8F08007D3FA6 /* tipperTests */ = {
			isa = PBXGroup;
			children = (
				84D7655F24CE8F08007D3FA6 /* tipperTests.swift */,
				84D7656124CE8F08007D3FA6 /* Info.plist */,
			);
			path = tipperTests;
			sourceTree = "<group>";
		};
		84D7656924CE8F08007D3FA6 /* tipperUITests */ = {
			isa = PBXGroup;
			children = (
				84D7656A24CE8F08007D3FA6 /* tipperUITests.swift */,
				84D7656C24CE8F08007D3FA6 /* Info.plist */,
			);
			path = tipperUITests;
			sourceTree = "<group>";
		};
/* End PBXGroup section */

/* Begin PBXNativeTarget section */
		84D7654424CE8F07007D3FA6 /* tipper */ = {
			isa = PBXNativeTarget;
			buildConfigurationList = 84D7656F24CE8F09007D3FA6 /* Build configuration list for PBXNativeTarget "tipper" */;
			buildPhases = (
				84D7654124CE8F07007D3FA6 /* Sources */,
				84D7654224CE8F07007D3FA6 /* Frameworks */,
				84D7654324CE8F07007D3FA6 /* Resources */,
			);
			buildRules = (
			);
			dependencies = (
			);
			name = tipper;
			productName = tipper;
			productReference = 84D7654524CE8F07007D3FA6 /* tipper.app */;
			productType = "com.apple.product-type.application";
		};
		84D7655A24CE8F08007D3FA6 /* tipperTests */ = {
			isa = PBXNativeTarget;
			buildConfigurationList = 84D7657224CE8F09007D3FA6 /* Build configuration list for PBXNativeTarget "tipperTests" */;
			buildPhases = (
				84D7655724CE8F08007D3FA6 /* Sources */,
				84D7655824CE8F08007D3FA6 /* Frameworks */,
				84D7655924CE8F08007D3FA6 /* Resources */,
			);
			buildRules = (
			);
			dependencies = (
				84D7655D24CE8F08007D3FA6 /* PBXTargetDependency */,
			);
			name = tipperTests;
			productName = tipperTests;
			productReference = 84D7655B24CE8F08007D3FA6 /* tipperTests.xctest */;
			productType = "com.apple.product-type.bundle.unit-test";
		};
		84D7656524CE8F08007D3FA6 /* tipperUITests */ = {
			isa = PBXNativeTarget;
			buildConfigurationList = 84D7657524CE8F09007D3FA6 /* Build configuration list for PBXNativeTarget "tipperUITests" */;
			buildPhases = (
				84D7656224CE8F08007D3FA6 /* Sources */,
				84D7656324CE8F08007D3FA6 /* Frameworks */,
				84D7656424CE8F08007D3FA6 /* Resources */,
			);
			buildRules = (
			);
			dependencies = (
				84D7656824CE8F08007D3FA6 /* PBXTargetDependency */,
			);
			name = tipperUITests;
			productName = tipperUITests;
			productReference = 84D7656624CE8F08007D3FA6 /* tipperUITests.xctest */;
			productType = "com.apple.product-type.bundle.ui-testing";
		};
/* End PBXNativeTarget section */

/* Begin PBXProject section */
		84D7653D24CE8F07007D3FA6 /* Project object */ = {
			isa = PBXProject;
			attributes = {
				LastSwiftUpdateCheck = 1130;
				LastUpgradeCheck = 1130;
				ORGANIZATIONNAME = MrugeshMaster;
				TargetAttributes = {
					84D7654424CE8F07007D3FA6 = {
						CreatedOnToolsVersion = 11.3;
					};
					84D7655A24CE8F08007D3FA6 = {
						CreatedOnToolsVersion = 11.3;
						TestTargetID = 84D7654424CE8F07007D3FA6;
					};
					84D7656524CE8F08007D3FA6 = {
						CreatedOnToolsVersion = 11.3;
						TestTargetID = 84D7654424CE8F07007D3FA6;
					};
				};
			};
			buildConfigurationList = 84D7654024CE8F07007D3FA6 /* Build configuration list for PBXProject "tipper" */;
			compatibilityVersion = "Xcode 9.3";
			developmentRegion = en;
			hasScannedForEncodings = 0;
			knownRegions = (
				en,
				Base,
			);
			mainGroup = 84D7653C24CE8F07007D3FA6;
			productRefGroup = 84D7654624CE8F07007D3FA6 /* Products */;
			projectDirPath = "";
			projectRoot = "";
			targets = (
				84D7654424CE8F07007D3FA6 /* tipper */,
				84D7655A24CE8F08007D3FA6 /* tipperTests */,
				84D7656524CE8F08007D3FA6 /* tipperUITests */,
			);
		};
/* End PBXProject section */

/* Begin PBXResourcesBuildPhase section */
		84D7654324CE8F07007D3FA6 /* Resources */ = {
			isa = PBXResourcesBuildPhase;
			buildActionMask = 2147483647;
			files = (
				84D7655524CE8F08007D3FA6 /* LaunchScreen.storyboard in Resources */,
				84D7655224CE8F08007D3FA6 /* Assets.xcassets in Resources */,
				84D7655024CE8F07007D3FA6 /* Main.storyboard in Resources */,
			);
			runOnlyForDeploymentPostprocessing = 0;
		};
		84D7655924CE8F08007D3FA6 /* Resources */ = {
			isa = PBXResourcesBuildPhase;
			buildActionMask = 2147483647;
			files = (
			);
			runOnlyForDeploymentPostprocessing = 0;
		};
		84D7656424CE8F08007D3FA6 /* Resources */ = {
			isa = PBXResourcesBuildPhase;
			buildActionMask = 2147483647;
			files = (
			);
			runOnlyForDeploymentPostprocessing = 0;
		};
/* End PBXResourcesBuildPhase section */

/* Begin PBXSourcesBuildPhase section */
		84D7654124CE8F07007D3FA6 /* Sources */ = {
			isa = PBXSourcesBuildPhase;
			buildActionMask = 2147483647;
			files = (
				84D7654D24CE8F07007D3FA6 /* ViewController.swift in Sources */,
				84D7654924CE8F07007D3FA6 /* AppDelegate.swift in Sources */,
				84D7654B24CE8F07007D3FA6 /* SceneDelegate.swift in Sources */,
			);
			runOnlyForDeploymentPostprocessing = 0;
		};
		84D7655724CE8F08007D3FA6 /* Sources */ = {
			isa = PBXSourcesBuildPhase;
			buildActionMask = 2147483647;
			files = (
				84D7656024CE8F08007D3FA6 /* tipperTests.swift in Sources */,
			);
			runOnlyForDeploymentPostprocessing = 0;
		};
		84D7656224CE8F08007D3FA6 /* Sources */ = {
			isa = PBXSourcesBuildPhase;
			buildActionMask = 2147483647;
			files = (
				84D7656B24CE8F08007D3FA6 /* tipperUITests.swift in Sources */,
			);
			runOnlyForDeploymentPostprocessing = 0;
		};
/* End PBXSourcesBuildPhase section */

/* Begin PBXTargetDependency section */
		84D7655D24CE8F08007D3FA6 /* PBXTargetDependency */ = {
			isa = PBXTargetDependency;
			target = 84D7654424CE8F07007D3FA6 /* tipper */;
			targetProxy = 84D7655C24CE8F08007D3FA6 /* PBXContainerItemProxy */;
		};
		84D7656824CE8F08007D3FA6 /* PBXTargetDependency */ = {
			isa = PBXTargetDependency;
			target = 84D7654424CE8F07007D3FA6 /* tipper */;
			targetProxy = 84D7656724CE8F08007D3FA6 /* PBXContainerItemProxy */;
		};
/* End PBXTargetDependency section */

/* Begin PBXVariantGroup section */
		84D7654E24CE8F07007D3FA6 /* Main.storyboard */ = {
			isa = PBXVariantGroup;
			children = (
				84D7654F24CE8F07007D3FA6 /* Base */,
			);
			name = Main.storyboard;
			sourceTree = "<group>";
		};
		84D7655324CE8F08007D3FA6 /* LaunchScreen.storyboard */ = {
			isa = PBXVariantGroup;
			children = (
				84D7655424CE8F08007D3FA6 /* Base */,
			);
			name = LaunchScreen.storyboard;
			sourceTree = "<group>";
		};
/* End PBXVariantGroup section */

/* Begin XCBuildConfiguration section */
		84D7656D24CE8F09007D3FA6 /* Debug */ = {
			isa = XCBuildConfiguration;
			buildSettings = {
				ALWAYS_SEARCH_USER_PATHS = NO;
				CLANG_ANALYZER_NONNULL = YES;
				CLANG_ANALYZER_NUMBER_OBJECT_CONVERSION = YES_AGGRESSIVE;
				CLANG_CXX_LANGUAGE_STANDARD = "gnu++14";
				CLANG_CXX_LIBRARY = "libc++";
				CLANG_ENABLE_MODULES = YES;
				CLANG_ENABLE_OBJC_ARC = YES;
				CLANG_ENABLE_OBJC_WEAK = YES;
				CLANG_WARN_BLOCK_CAPTURE_AUTORELEASING = YES;
				CLANG_WARN_BOOL_CONVERSION = YES;
				CLANG_WARN_COMMA = YES;
				CLANG_WARN_CONSTANT_CONVERSION = YES;
				CLANG_WARN_DEPRECATED_OBJC_IMPLEMENTATIONS = YES;
				CLANG_WARN_DIRECT_OBJC_ISA_USAGE = YES_ERROR;
				CLANG_WARN_DOCUMENTATION_COMMENTS = YES;
				CLANG_WARN_EMPTY_BODY = YES;
				CLANG_WARN_ENUM_CONVERSION = YES;
				CLANG_WARN_INFINITE_RECURSION = YES;
				CLANG_WARN_INT_CONVERSION = YES;
				CLANG_WARN_NON_LITERAL_NULL_CONVERSION = YES;
				CLANG_WARN_OBJC_IMPLICIT_RETAIN_SELF = YES;
				CLANG_WARN_OBJC_LITERAL_CONVERSION = YES;
				CLANG_WARN_OBJC_ROOT_CLASS = YES_ERROR;
				CLANG_WARN_RANGE_LOOP_ANALYSIS = YES;
				CLANG_WARN_STRICT_PROTOTYPES = YES;
				CLANG_WARN_SUSPICIOUS_MOVE = YES;
				CLANG_WARN_UNGUARDED_AVAILABILITY = YES_AGGRESSIVE;
				CLANG_WARN_UNREACHABLE_CODE = YES;
				CLANG_WARN__DUPLICATE_METHOD_MATCH = YES;
				COPY_PHASE_STRIP = NO;
				DEBUG_INFORMATION_FORMAT = dwarf;
				ENABLE_STRICT_OBJC_MSGSEND = YES;
				ENABLE_TESTABILITY = YES;
				GCC_C_LANGUAGE_STANDARD = gnu11;
				GCC_DYNAMIC_NO_PIC = NO;
				GCC_NO_COMMON_BLOCKS = YES;
				GCC_OPTIMIZATION_LEVEL = 0;
				GCC_PREPROCESSOR_DEFINITIONS = (
					"DEBUG=1",
					"$(inherited)",
				);
				GCC_WARN_64_TO_32_BIT_CONVERSION = YES;
				GCC_WARN_ABOUT_RETURN_TYPE = YES_ERROR;
				GCC_WARN_UNDECLARED_SELECTOR = YES;
				GCC_WARN_UNINITIALIZED_AUTOS = YES_AGGRESSIVE;
				GCC_WARN_UNUSED_FUNCTION = YES;
				GCC_WARN_UNUSED_VARIABLE = YES;
				IPHONEOS_DEPLOYMENT_TARGET = 13.2;
				MTL_ENABLE_DEBUG_INFO = INCLUDE_SOURCE;
				MTL_FAST_MATH = YES;
				ONLY_ACTIVE_ARCH = YES;
				SDKROOT = iphoneos;
				SWIFT_ACTIVE_COMPILATION_CONDITIONS = DEBUG;
				SWIFT_OPTIMIZATION_LEVEL = "-Onone";
			};
			name = Debug;
		};
		84D7656E24CE8F09007D3FA6 /* Release */ = {
			isa = XCBuildConfiguration;
			buildSettings = {
				ALWAYS_SEARCH_USER_PATHS = NO;
				CLANG_ANALYZER_NONNULL = YES;
				CLANG_ANALYZER_NUMBER_OBJECT_CONVERSION = YES_AGGRESSIVE;
				CLANG_CXX_LANGUAGE_STANDARD = "gnu++14";
				CLANG_CXX_LIBRARY = "libc++";
				CLANG_ENABLE_MODULES = YES;
				CLANG_ENABLE_OBJC_ARC = YES;
				CLANG_ENABLE_OBJC_WEAK = YES;
				CLANG_WARN_BLOCK_CAPTURE_AUTORELEASING = YES;
				CLANG_WARN_BOOL_CONVERSION = YES;
				CLANG_WARN_COMMA = YES;
				CLANG_WARN_CONSTANT_CONVERSION = YES;
				CLANG_WARN_DEPRECATED_OBJC_IMPLEMENTATIONS = YES;
				CLANG_WARN_DIRECT_OBJC_ISA_USAGE = YES_ERROR;
				CLANG_WARN_DOCUMENTATION_COMMENTS = YES;
				CLANG_WARN_EMPTY_BODY = YES;
				CLANG_WARN_ENUM_CONVERSION = YES;
				CLANG_WARN_INFINITE_RECURSION = YES;
				CLANG_WARN_INT_CONVERSION = YES;
				CLANG_WARN_NON_LITERAL_NULL_CONVERSION = YES;
				CLANG_WARN_OBJC_IMPLICIT_RETAIN_SELF = YES;
				CLANG_WARN_OBJC_LITERAL_CONVERSION = YES;
				CLANG_WARN_OBJC_ROOT_CLASS = YES_ERROR;
				CLANG_WARN_RANGE_LOOP_ANALYSIS = YES;
				CLANG_WARN_STRICT_PROTOTYPES = YES;
				CLANG_WARN_SUSPICIOUS_MOVE = YES;
				CLANG_WARN_UNGUARDED_AVAILABILITY = YES_AGGRESSIVE;
				CLANG_WARN_UNREACHABLE_CODE = YES;
				CLANG_WARN__DUPLICATE_METHOD_MATCH = YES;
				COPY_PHASE_STRIP = NO;
				DEBUG_INFORMATION_FORMAT = "dwarf-with-dsym";
				ENABLE_NS_ASSERTIONS = NO;
				ENABLE_STRICT_OBJC_MSGSEND = YES;
				GCC_C_LANGUAGE_STANDARD = gnu11;
				GCC_NO_COMMON_BLOCKS = YES;
				GCC_WARN_64_TO_32_BIT_CONVERSION = YES;
				GCC_WARN_ABOUT_RETURN_TYPE = YES_ERROR;
				GCC_WARN_UNDECLARED_SELECTOR = YES;
				GCC_WARN_UNINITIALIZED_AUTOS = YES_AGGRESSIVE;
				GCC_WARN_UNUSED_FUNCTION = YES;
				GCC_WARN_UNUSED_VARIABLE = YES;
				IPHONEOS_DEPLOYMENT_TARGET = 13.2;
				MTL_ENABLE_DEBUG_INFO = NO;
				MTL_FAST_MATH = YES;
				SDKROOT = iphoneos;
				SWIFT_COMPILATION_MODE = wholemodule;
				SWIFT_OPTIMIZATION_LEVEL = "-O";
				VALIDATE_PRODUCT = YES;
			};
			name = Release;
		};
		84D7657024CE8F09007D3FA6 /* Debug */ = {
			isa = XCBuildConfiguration;
			buildSettings = {
				ASSETCATALOG_COMPILER_APPICON_NAME = AppIcon;
				CODE_SIGN_STYLE = Automatic;
				INFOPLIST_FILE = tipper/Info.plist;
				LD_RUNPATH_SEARCH_PATHS = (
					"$(inherited)",
					"@executable_path/Frameworks",
				);
				PRODUCT_BUNDLE_IDENTIFIER = com.mrugeshmaster.tipper;
				PRODUCT_NAME = "$(TARGET_NAME)";
				SWIFT_VERSION = 5.0;
				TARGETED_DEVICE_FAMILY = "1,2";
			};
			name = Debug;
		};
		84D7657124CE8F09007D3FA6 /* Release */ = {
			isa = XCBuildConfiguration;
			buildSettings = {
				ASSETCATALOG_COMPILER_APPICON_NAME = AppIcon;
				CODE_SIGN_STYLE = Automatic;
				INFOPLIST_FILE = tipper/Info.plist;
				LD_RUNPATH_SEARCH_PATHS = (
					"$(inherited)",
					"@executable_path/Frameworks",
				);
				PRODUCT_BUNDLE_IDENTIFIER = com.mrugeshmaster.tipper;
				PRODUCT_NAME = "$(TARGET_NAME)";
				SWIFT_VERSION = 5.0;
				TARGETED_DEVICE_FAMILY = "1,2";
			};
			name = Release;
		};
		84D7657324CE8F09007D3FA6 /* Debug */ = {
			isa = XCBuildConfiguration;
			buildSettings = {
				ALWAYS_EMBED_SWIFT_STANDARD_LIBRARIES = YES;
				BUNDLE_LOADER = "$(TEST_HOST)";
				CODE_SIGN_STYLE = Automatic;
				INFOPLIST_FILE = tipperTests/Info.plist;
				IPHONEOS_DEPLOYMENT_TARGET = 13.2;
				LD_RUNPATH_SEARCH_PATHS = (
					"$(inherited)",
					"@executable_path/Frameworks",
					"@loader_path/Frameworks",
				);
				PRODUCT_BUNDLE_IDENTIFIER = com.mrugeshmaster.tipperTests;
				PRODUCT_NAME = "$(TARGET_NAME)";
				SWIFT_VERSION = 5.0;
				TARGETED_DEVICE_FAMILY = "1,2";
				TEST_HOST = "$(BUILT_PRODUCTS_DIR)/tipper.app/tipper";
			};
			name = Debug;
		};
		84D7657424CE8F09007D3FA6 /* Release */ = {
			isa = XCBuildConfiguration;
			buildSettings = {
				ALWAYS_EMBED_SWIFT_STANDARD_LIBRARIES = YES;
				BUNDLE_LOADER = "$(TEST_HOST)";
				CODE_SIGN_STYLE = Automatic;
				INFOPLIST_FILE = tipperTests/Info.plist;
				IPHONEOS_DEPLOYMENT_TARGET = 13.2;
				LD_RUNPATH_SEARCH_PATHS = (
					"$(inherited)",
					"@executable_path/Frameworks",
					"@loader_path/Frameworks",
				);
				PRODUCT_BUNDLE_IDENTIFIER = com.mrugeshmaster.tipperTests;
				PRODUCT_NAME = "$(TARGET_NAME)";
				SWIFT_VERSION = 5.0;
				TARGETED_DEVICE_FAMILY = "1,2";
				TEST_HOST = "$(BUILT_PRODUCTS_DIR)/tipper.app/tipper";
			};
			name = Release;
		};
		84D7657624CE8F09007D3FA6 /* Debug */ = {
			isa = XCBuildConfiguration;
			buildSettings = {
				ALWAYS_EMBED_SWIFT_STANDARD_LIBRARIES = YES;
				CODE_SIGN_STYLE = Automatic;
				INFOPLIST_FILE = tipperUITests/Info.plist;
				LD_RUNPATH_SEARCH_PATHS = (
					"$(inherited)",
					"@executable_path/Frameworks",
					"@loader_path/Frameworks",
				);
				PRODUCT_BUNDLE_IDENTIFIER = com.mrugeshmaster.tipperUITests;
				PRODUCT_NAME = "$(TARGET_NAME)";
				SWIFT_VERSION = 5.0;
				TARGETED_DEVICE_FAMILY = "1,2";
				TEST_TARGET_NAME = tipper;
			};
			name = Debug;
		};
		84D7657724CE8F09007D3FA6 /* Release */ = {
			isa = XCBuildConfiguration;
			buildSettings = {
				ALWAYS_EMBED_SWIFT_STANDARD_LIBRARIES = YES;
				CODE_SIGN_STYLE = Automatic;
				INFOPLIST_FILE = tipperUITests/Info.plist;
				LD_RUNPATH_SEARCH_PATHS = (
					"$(inherited)",
					"@executable_path/Frameworks",
					"@loader_path/Frameworks",
				);
				PRODUCT_BUNDLE_IDENTIFIER = com.mrugeshmaster.tipperUITests;
				PRODUCT_NAME = "$(TARGET_NAME)";
				SWIFT_VERSION = 5.0;
				TARGETED_DEVICE_FAMILY = "1,2";
				TEST_TARGET_NAME = tipper;
			};
			name = Release;
		};
/* End XCBuildConfiguration section */

/* Begin XCConfigurationList section */
		84D7654024CE8F07007D3FA6 /* Build configuration list for PBXProject "tipper" */ = {
			isa = XCConfigurationList;
			buildConfigurations = (
				84D7656D24CE8F09007D3FA6 /* Debug */,
				84D7656E24CE8F09007D3FA6 /* Release */,
			);
			defaultConfigurationIsVisible = 0;
			defaultConfigurationName = Release;
		};
		84D7656F24CE8F09007D3FA6 /* Build configuration list for PBXNativeTarget "tipper" */ = {
			isa = XCConfigurationList;
			buildConfigurations = (
				84D7657024CE8F09007D3FA6 /* Debug */,
				84D7657124CE8F09007D3FA6 /* Release */,
			);
			defaultConfigurationIsVisible = 0;
			defaultConfigurationName = Release;
		};
		84D7657224CE8F09007D3FA6 /* Build configuration list for PBXNativeTarget "tipperTests" */ = {
			isa = XCConfigurationList;
			buildConfigurations = (
				84D7657324CE8F09007D3FA6 /* Debug */,
				84D7657424CE8F09007D3FA6 /* Release */,
			);
			defaultConfigurationIsVisible = 0;
			defaultConfigurationName = Release;
		};
		84D7657524CE8F09007D3FA6 /* Build configuration list for PBXNativeTarget "tipperUITests" */ = {
			isa = XCConfigurationList;
			buildConfigurations = (
				84D7657624CE8F09007D3FA6 /* Debug */,
				84D7657724CE8F09007D3FA6 /* Release */,
			);
			defaultConfigurationIsVisible = 0;
			defaultConfigurationName = Release;
		};
/* End XCConfigurationList section */
	};
	rootObject = 84D7653D24CE8F07007D3FA6 /* Project object */;
}
